
Microsoft Visual Studio Solution File, Format Version 12.00
# Visual Studio Version 17
VisualStudioVersion = 17.6.33815.320
MinimumVisualStudioVersion = 10.0.40219.1
Project("{FAE04EC0-301F-11D3-BF4B-00C04F79EFBC}") = "AirportFinderCore", "AirportFinderCore\AirportFinderCore.csproj", "{BBA946FE-DB50-4C2A-B527-E8FC92ED60D3}"
EndProject
Global
	GlobalSection(SolutionConfigurationPlatforms) = preSolution
		Debug|Any CPU = Debug|Any CPU
		Release|Any CPU = Release|Any CPU
	EndGlobalSection
	GlobalSection(ProjectConfigurationPlatforms) = postSolution
		{BBA946FE-DB50-4C2A-B527-E8FC92ED60D3}.Debug|Any CPU.ActiveCfg = Debug|Any CPU
		{BBA946FE-DB50-4C2A-B527-E8FC92ED60D3}.Debug|Any CPU.Build.0 = Debug|Any CPU
		{BBA946FE-DB50-4C2A-B527-E8FC92ED60D3}.Release|Any CPU.ActiveCfg = Release|Any CPU
		{BBA946FE-DB50-4C2A-B527-E8FC92ED60D3}.Release|Any CPU.Build.0 = Release|Any CPU
	EndGlobalSection
	GlobalSection(SolutionProperties) = preSolution
		HideSolutionNode = FALSE
	EndGlobalSection
	GlobalSection(ExtensibilityGlobals) = postSolution
		SolutionGuid = {57962F63-763B-4B0D-B1AB-5FA6789061F4}
	EndGlobalSection
EndGlobal
